
Microsoft Visual Studio Solution File, Format Version 12.00
# Visual Studio Version 17
VisualStudioVersion = 17.2.32616.157
MinimumVisualStudioVersion = 10.0.40219.1
Project("{FAE04EC0-301F-11D3-BF4B-00C04F79EFBC}") = "csStringlvl2", "csStringlvl2\csStringlvl2.csproj", "{B9581E28-654B-4E59-9A53-A2BF471BCF09}"
EndProject
Global
	GlobalSection(SolutionConfigurationPlatforms) = preSolution
		Debug|Any CPU = Debug|Any CPU
		Release|Any CPU = Release|Any CPU
	EndGlobalSection
	GlobalSection(ProjectConfigurationPlatforms) = postSolution
		{B9581E28-654B-4E59-9A53-A2BF471BCF09}.Debug|Any CPU.ActiveCfg = Debug|Any CPU
		{B9581E28-654B-4E59-9A53-A2BF471BCF09}.Debug|Any CPU.Build.0 = Debug|Any CPU
		{B9581E28-654B-4E59-9A53-A2BF471BCF09}.Release|Any CPU.ActiveCfg = Release|Any CPU
		{B9581E28-654B-4E59-9A53-A2BF471BCF09}.Release|Any CPU.Build.0 = Release|Any CPU
	EndGlobalSection
	GlobalSection(SolutionProperties) = preSolution
		HideSolutionNode = FALSE
	EndGlobalSection
	GlobalSection(ExtensibilityGlobals) = postSolution
		SolutionGuid = {517A7AD6-0A1C-4B44-85EE-F4BFFCFB42C5}
	EndGlobalSection
EndGlobal
